
Microsoft Visual Studio Solution File, Format Version 12.00
# Visual Studio Version 17
VisualStudioVersion = 17.14.36327.8
MinimumVisualStudioVersion = 10.0.40219.1
Project("{FAE04EC0-301F-11D3-BF4B-00C04F79EFBC}") = "WCGAcademic", "WCGAcademic\WCGAcademic.csproj", "{C2746C43-0E4A-4463-959B-423730863A27}"
EndProject
Project("{FAE04EC0-301F-11D3-BF4B-00C04F79EFBC}") = "WCGAcademic.Client", "WCGAcademic.Client\WCGAcademic.Client.csproj", "{B9D933C1-3D09-4F64-8FA4-5AFC42FE54EF}"
EndProject
Global
	GlobalSection(SolutionConfigurationPlatforms) = preSolution
		Debug|Any CPU = Debug|Any CPU
		Release|Any CPU = Release|Any CPU
	EndGlobalSection
	GlobalSection(ProjectConfigurationPlatforms) = postSolution
		{C2746C43-0E4A-4463-959B-423730863A27}.Debug|Any CPU.ActiveCfg = Debug|Any CPU
		{C2746C43-0E4A-4463-959B-423730863A27}.Debug|Any CPU.Build.0 = Debug|Any CPU
		{C2746C43-0E4A-4463-959B-423730863A27}.Release|Any CPU.ActiveCfg = Release|Any CPU
		{C2746C43-0E4A-4463-959B-423730863A27}.Release|Any CPU.Build.0 = Release|Any CPU
		{B9D933C1-3D09-4F64-8FA4-5AFC42FE54EF}.Debug|Any CPU.ActiveCfg = Debug|Any CPU
		{B9D933C1-3D09-4F64-8FA4-5AFC42FE54EF}.Debug|Any CPU.Build.0 = Debug|Any CPU
		{B9D933C1-3D09-4F64-8FA4-5AFC42FE54EF}.Release|Any CPU.ActiveCfg = Release|Any CPU
		{B9D933C1-3D09-4F64-8FA4-5AFC42FE54EF}.Release|Any CPU.Build.0 = Release|Any CPU
	EndGlobalSection
	GlobalSection(SolutionProperties) = preSolution
		HideSolutionNode = FALSE
	EndGlobalSection
	GlobalSection(ExtensibilityGlobals) = postSolution
		SolutionGuid = {70BF472B-1427-404F-A035-C584983B4643}
	EndGlobalSection
EndGlobal
